{
    "_readme": [
        "This file locks the dependencies of your project to a known state",
        "Read more about it at https://getcomposer.org/doc/01-basic-usage.md#installing-dependencies",
        "This file is @generated automatically"
    ],
    "content-hash": "91dbb8ee76ebcf6af5130d8f7a3f1754",
    "packages": [
        {
            "name": "osvaldogdelrio/factory",
            "version": "dev-main",
            "source": {
                "type": "git",
                "url": "https://github.com/OsvaldoGDelRio/factory.git",
                "reference": "cfcee6a7d03869736e5ce68fda74c0751ab3d621"
            },
            "dist": {
                "type": "zip",
                "url": "https://api.github.com/repos/OsvaldoGDelRio/factory/zipball/cfcee6a7d03869736e5ce68fda74c0751ab3d621",
                "reference": "cfcee6a7d03869736e5ce68fda74c0751ab3d621",
                "shasum": ""
            },
            "require-dev": {
                "phpunit/phpunit": "^9.5",
                "scrutinizer/ocular": "dev-master"
            },
            "default-branch": true,
            "type": "library",
            "autoload": {
                "psr-4": {
                    "src\\": "src/"
                }
            },
            "notification-url": "https://packagist.org/downloads/",
            "license": [
                "MIT"
            ],
            "authors": [
                {
                    "name": "Osvaldo G Del Rio",
                    "email": "osdelrio@hotmail.com"
                }
            ],
            "description": "Clase para crear otros objetos/clases con el patr\u0000n Factory",
            "support": {
                "issues": "https://github.com/OsvaldoGDelRio/factory/issues",
                "source": "https://github.com/OsvaldoGDelRio/factory/tree/main"
            },
            "time": "2021-09-18T01:39:41+00:00"
        }
    ],
    "packages-dev": [],
    "aliases": [],
    "minimum-stability": "stable",
    "stability-flags": {
        "osvaldogdelrio/factory": 20
    },
    "prefer-stable": false,
    "prefer-lowest": false,
    "platform": [],
    "platform-dev": [],
    "plugin-api-version": "2.1.0"
}
